
Microsoft Visual Studio Solution File, Format Version 12.00
# Visual Studio Version 17
VisualStudioVersion = 17.14.36310.24 d17.14
MinimumVisualStudioVersion = 10.0.40219.1
Project("{FAE04EC0-301F-11D3-BF4B-00C04F79EFBC}") = "web-appconfig", "web-appconfig\web-appconfig.csproj", "{8B1A5041-1919-4DFB-AC3D-F5B7FD194FE4}"
EndProject
Project("{FAE04EC0-301F-11D3-BF4B-00C04F79EFBC}") = "appserviceConfig", "appserviceConfig\appserviceConfig.csproj", "{486F2CEF-FA82-4507-9AA2-3D681B79733C}"
EndProject
Global
	GlobalSection(SolutionConfigurationPlatforms) = preSolution
		Debug|Any CPU = Debug|Any CPU
		Release|Any CPU = Release|Any CPU
	EndGlobalSection
	GlobalSection(ProjectConfigurationPlatforms) = postSolution
		{8B1A5041-1919-4DFB-AC3D-F5B7FD194FE4}.Debug|Any CPU.ActiveCfg = Debug|Any CPU
		{8B1A5041-1919-4DFB-AC3D-F5B7FD194FE4}.Debug|Any CPU.Build.0 = Debug|Any CPU
		{8B1A5041-1919-4DFB-AC3D-F5B7FD194FE4}.Release|Any CPU.ActiveCfg = Release|Any CPU
		{8B1A5041-1919-4DFB-AC3D-F5B7FD194FE4}.Release|Any CPU.Build.0 = Release|Any CPU
		{486F2CEF-FA82-4507-9AA2-3D681B79733C}.Debug|Any CPU.ActiveCfg = Debug|Any CPU
		{486F2CEF-FA82-4507-9AA2-3D681B79733C}.Debug|Any CPU.Build.0 = Debug|Any CPU
		{486F2CEF-FA82-4507-9AA2-3D681B79733C}.Release|Any CPU.ActiveCfg = Release|Any CPU
		{486F2CEF-FA82-4507-9AA2-3D681B79733C}.Release|Any CPU.Build.0 = Release|Any CPU
	EndGlobalSection
	GlobalSection(SolutionProperties) = preSolution
		HideSolutionNode = FALSE
	EndGlobalSection
	GlobalSection(ExtensibilityGlobals) = postSolution
		SolutionGuid = {C6087591-95A3-41AD-83FD-CCE77E5D05AF}
	EndGlobalSection
EndGlobal
